
Microsoft Visual Studio Solution File, Format Version 12.00
# Visual Studio Version 16
VisualStudioVersion = 16.0.32602.290
MinimumVisualStudioVersion = 10.0.40219.1
Project("{FAE04EC0-301F-11D3-BF4B-00C04F79EFBC}") = "CreacionVentanas", "CreacionVentanas\CreacionVentanas.csproj", "{708C2278-9BD9-4C32-A055-C9CCD8C7A207}"
EndProject
Global
	GlobalSection(SolutionConfigurationPlatforms) = preSolution
		Debug|Any CPU = Debug|Any CPU
		Release|Any CPU = Release|Any CPU
	EndGlobalSection
	GlobalSection(ProjectConfigurationPlatforms) = postSolution
		{708C2278-9BD9-4C32-A055-C9CCD8C7A207}.Debug|Any CPU.ActiveCfg = Debug|Any CPU
		{708C2278-9BD9-4C32-A055-C9CCD8C7A207}.Debug|Any CPU.Build.0 = Debug|Any CPU
		{708C2278-9BD9-4C32-A055-C9CCD8C7A207}.Release|Any CPU.ActiveCfg = Release|Any CPU
		{708C2278-9BD9-4C32-A055-C9CCD8C7A207}.Release|Any CPU.Build.0 = Release|Any CPU
	EndGlobalSection
	GlobalSection(SolutionProperties) = preSolution
		HideSolutionNode = FALSE
	EndGlobalSection
	GlobalSection(ExtensibilityGlobals) = postSolution
		SolutionGuid = {1735E68F-5497-4D2E-989F-E1B99650FEEB}
	EndGlobalSection
EndGlobal
